// !$*UTF8*$!
{
	archiveVersion = 1;
	classes = {
	};
	objectVersion = 38;
	objects = {
		F5356C3A044D643301A800CD = {
			children = (
				F5356C47044D644701A800CD,
				F5356C64044D654D01A800CD,
				F5356C5D044D64C401A800CD,
				F5356C46044D644301A800CD,
			);
			isa = PBXGroup;
			refType = 4;
		};
		F5356C3C044D643301A800CD = {
			buildRules = (
			);
			buildSettings = {
				COPY_PHASE_STRIP = NO;
				OPTIMIZATION_CFLAGS = "-O0";
			};
			isa = PBXBuildStyle;
			name = Development;
		};
		F5356C3D044D643301A800CD = {
			buildRules = (
			);
			buildSettings = {
				COPY_PHASE_STRIP = YES;
			};
			isa = PBXBuildStyle;
			name = Deployment;
		};
		F5356C3E044D643301A800CD = {
			buildStyles = (
				F5356C3C044D643301A800CD,
				F5356C3D044D643301A800CD,
			);
			isa = PBXProject;
			mainGroup = F5356C3A044D643301A800CD;
			productRefGroup = F5356C46044D644301A800CD;
			projectDirPath = "";
			targets = (
				F5356C44044D644301A800CD,
				F5356C5A044D64BD01A800CD,
			);
		};
		F5356C3F044D644301A800CD = {
			buildActionMask = 2147483647;
			files = (
				F5356C4F044D647401A800CD,
				F5356C51044D647401A800CD,
				F5356C53044D647401A800CD,
				F5356C55044D647401A800CD,
			);
			isa = PBXHeadersBuildPhase;
			runOnlyForDeploymentPostprocessing = 0;
		};
		F5356C40044D644301A800CD = {
			buildActionMask = 2147483647;
			files = (
			);
			isa = PBXResourcesBuildPhase;
			runOnlyForDeploymentPostprocessing = 0;
		};
		F5356C41044D644301A800CD = {
			buildActionMask = 2147483647;
			files = (
				F5356C50044D647401A800CD,
				F5356C52044D647401A800CD,
				F5356C54044D647401A800CD,
			);
			isa = PBXSourcesBuildPhase;
			runOnlyForDeploymentPostprocessing = 0;
		};
		F5356C42044D644301A800CD = {
			buildActionMask = 2147483647;
			files = (
			);
			isa = PBXFrameworksBuildPhase;
			runOnlyForDeploymentPostprocessing = 0;
		};
		F5356C44044D644301A800CD = {
			buildPhases = (
				F5356C3F044D644301A800CD,
				F5356C40044D644301A800CD,
				F5356C41044D644301A800CD,
				F5356C42044D644301A800CD,
				F57338A2044DBB2401A800CD,
			);
			buildSettings = {
				DYLIB_COMPATIBILITY_VERSION = 1;
				DYLIB_CURRENT_VERSION = 1;
				FRAMEWORK_VERSION = A;
				OPTIMIZATION_CFLAGS = "-O2";
				OTHER_CFLAGS = "";
				OTHER_LDFLAGS = "";
				OTHER_LIBTOOL_FLAGS = "";
				OTHER_REZFLAGS = "";
				PRINCIPAL_CLASS = "";
				PRODUCT_NAME = skstream;
				SECTORDER_FLAGS = "";
				WARNING_CFLAGS = "-Wmost -Wno-four-char-constants -Wno-unknown-pragmas";
				WRAPPER_EXTENSION = framework;
			};
			dependencies = (
			);
			isa = PBXFrameworkTarget;
			name = skstream;
			productInstallPath = "$(LOCAL_LIBRARY_DIR)/Frameworks";
			productName = skstream;
			productReference = F5356C45044D644301A800CD;
			productSettingsXML = "<?xml version=\"1.0\" encoding=\"UTF-8\"?>
<!DOCTYPE plist PUBLIC \"-//Apple Computer//DTD PLIST 1.0//EN\" \"http://www.apple.com/DTDs/PropertyList-1.0.dtd\">
<plist version=\"1.0\">
<dict>
	<key>CFBundleDevelopmentRegion</key>
	<string>English</string>
	<key>CFBundleExecutable</key>
	<string></string>
	<key>CFBundleGetInfoString</key>
	<string></string>
	<key>CFBundleIconFile</key>
	<string></string>
	<key>CFBundleIdentifier</key>
	<string></string>
	<key>CFBundleInfoDictionaryVersion</key>
	<string>6.0</string>
	<key>CFBundleName</key>
	<string></string>
	<key>CFBundlePackageType</key>
	<string>FMWK</string>
	<key>CFBundleShortVersionString</key>
	<string></string>
	<key>CFBundleSignature</key>
	<string>????</string>
	<key>CFBundleVersion</key>
	<string>0.0.1d1</string>
</dict>
</plist>
";
			shouldUseHeadermap = 0;
		};
		F5356C45044D644301A800CD = {
			isa = PBXFrameworkReference;
			path = skstream.framework;
			refType = 3;
		};
		F5356C46044D644301A800CD = {
			children = (
				F5356C45044D644301A800CD,
				F5356C5B044D64BD01A800CD,
			);
			isa = PBXGroup;
			name = Products;
			refType = 4;
		};
		F5356C47044D644701A800CD = {
			children = (
				F5356C48044D647401A800CD,
				F5356C49044D647401A800CD,
				F5356C4A044D647401A800CD,
				F5356C4B044D647401A800CD,
				F5356C4C044D647401A800CD,
				F5356C4D044D647401A800CD,
				F5356C4E044D647401A800CD,
			);
			isa = PBXGroup;
			name = Sources;
			refType = 4;
		};
		F5356C48044D647401A800CD = {
			isa = PBXFileReference;
			name = sasproto.h;
			path = skstream/sasproto.h;
			refType = 4;
		};
		F5356C49044D647401A800CD = {
			isa = PBXFileReference;
			name = skpoll.cpp;
			path = skstream/skpoll.cpp;
			refType = 4;
		};
		F5356C4A044D647401A800CD = {
			isa = PBXFileReference;
			name = skpoll.h;
			path = skstream/skpoll.h;
			refType = 4;
		};
		F5356C4B044D647401A800CD = {
			isa = PBXFileReference;
			name = skserver.cpp;
			path = skstream/skserver.cpp;
			refType = 4;
		};
		F5356C4C044D647401A800CD = {
			isa = PBXFileReference;
			name = skserver.h;
			path = skstream/skserver.h;
			refType = 4;
		};
		F5356C4D044D647401A800CD = {
			isa = PBXFileReference;
			name = skstream.cpp;
			path = skstream/skstream.cpp;
			refType = 4;
		};
		F5356C4E044D647401A800CD = {
			isa = PBXFileReference;
			name = skstream.h;
			path = skstream/skstream.h;
			refType = 4;
		};
		F5356C4F044D647401A800CD = {
			fileRef = F5356C48044D647401A800CD;
			isa = PBXBuildFile;
			settings = {
				ATTRIBUTES = (
					Public,
				);
			};
		};
		F5356C50044D647401A800CD = {
			fileRef = F5356C49044D647401A800CD;
			isa = PBXBuildFile;
			settings = {
			};
		};
		F5356C51044D647401A800CD = {
			fileRef = F5356C4A044D647401A800CD;
			isa = PBXBuildFile;
			settings = {
				ATTRIBUTES = (
					Public,
				);
			};
		};
		F5356C52044D647401A800CD = {
			fileRef = F5356C4B044D647401A800CD;
			isa = PBXBuildFile;
			settings = {
			};
		};
		F5356C53044D647401A800CD = {
			fileRef = F5356C4C044D647401A800CD;
			isa = PBXBuildFile;
			settings = {
				ATTRIBUTES = (
					Public,
				);
			};
		};
		F5356C54044D647401A800CD = {
			fileRef = F5356C4D044D647401A800CD;
			isa = PBXBuildFile;
			settings = {
			};
		};
		F5356C55044D647401A800CD = {
			fileRef = F5356C4E044D647401A800CD;
			isa = PBXBuildFile;
			settings = {
				ATTRIBUTES = (
					Public,
				);
			};
		};
		F5356C56044D64BD01A800CD = {
			buildActionMask = 2147483647;
			files = (
				F5356C62044D64DA01A800CD,
			);
			isa = PBXHeadersBuildPhase;
			runOnlyForDeploymentPostprocessing = 0;
		};
		F5356C57044D64BD01A800CD = {
			buildActionMask = 2147483647;
			files = (
				F5356C61044D64DA01A800CD,
			);
			isa = PBXSourcesBuildPhase;
			runOnlyForDeploymentPostprocessing = 0;
		};
		F5356C58044D64BD01A800CD = {
			buildActionMask = 2147483647;
			files = (
				F5356C63044D64DF01A800CD,
			);
			isa = PBXFrameworksBuildPhase;
			runOnlyForDeploymentPostprocessing = 0;
		};
		F5356C59044D64BD01A800CD = {
			buildActionMask = 2147483647;
			files = (
			);
			isa = PBXRezBuildPhase;
			runOnlyForDeploymentPostprocessing = 0;
		};
		F5356C5A044D64BD01A800CD = {
			buildPhases = (
				F5356C56044D64BD01A800CD,
				F5356C57044D64BD01A800CD,
				F5356C58044D64BD01A800CD,
				F5356C59044D64BD01A800CD,
			);
			buildSettings = {
				OTHER_CFLAGS = "";
				OTHER_LDFLAGS = "";
				OTHER_REZFLAGS = "";
				PRODUCT_NAME = ping;
				REZ_EXECUTABLE = YES;
				SECTORDER_FLAGS = "";
				WARNING_CFLAGS = "-Wmost -Wno-four-char-constants -Wno-unknown-pragmas";
			};
			dependencies = (
			);
			isa = PBXToolTarget;
			name = ping;
			productInstallPath = /usr/local/bin;
			productName = ping;
			productReference = F5356C5B044D64BD01A800CD;
			shouldUseHeadermap = 0;
		};
		F5356C5B044D64BD01A800CD = {
			isa = PBXExecutableFileReference;
			path = ping;
			refType = 3;
		};
		F5356C5D044D64C401A800CD = {
			children = (
				F5356C5F044D64DA01A800CD,
				F5356C60044D64DA01A800CD,
			);
			isa = PBXGroup;
			name = Ping;
			path = "";
			refType = 4;
		};
		F5356C5F044D64DA01A800CD = {
			isa = PBXFileReference;
			name = ping.cpp;
			path = ping/ping.cpp;
			refType = 4;
		};
		F5356C60044D64DA01A800CD = {
			isa = PBXFileReference;
			name = ping.h;
			path = ping/ping.h;
			refType = 4;
		};
		F5356C61044D64DA01A800CD = {
			fileRef = F5356C5F044D64DA01A800CD;
			isa = PBXBuildFile;
			settings = {
			};
		};
		F5356C62044D64DA01A800CD = {
			fileRef = F5356C60044D64DA01A800CD;
			isa = PBXBuildFile;
			settings = {
			};
		};
		F5356C63044D64DF01A800CD = {
			fileRef = F5356C45044D644301A800CD;
			isa = PBXBuildFile;
			settings = {
			};
		};
		F5356C64044D654D01A800CD = {
			children = (
				F5356C65044D656901A800CD,
				F5356C66044D656901A800CD,
				F5356C67044D656901A800CD,
				F5356C69044D656901A800CD,
				F5356C68044D656901A800CD,
			);
			isa = PBXGroup;
			name = Test;
			path = "";
			refType = 4;
		};
		F5356C65044D656901A800CD = {
			isa = PBXFileReference;
			name = basicskstreamtest.h;
			path = test/basicskstreamtest.h;
			refType = 4;
		};
		F5356C66044D656901A800CD = {
			isa = PBXFileReference;
			name = childskstreamtest.h;
			path = test/childskstreamtest.h;
			refType = 4;
		};
		F5356C67044D656901A800CD = {
			isa = PBXFileReference;
			name = skservertest.h;
			path = test/skservertest.h;
			refType = 4;
		};
		F5356C68044D656901A800CD = {
			isa = PBXFileReference;
			name = skstreamtestrunner.cpp;
			path = test/skstreamtestrunner.cpp;
			refType = 4;
		};
		F5356C69044D656901A800CD = {
			isa = PBXFileReference;
			name = socketbuftest.h;
			path = test/socketbuftest.h;
			refType = 4;
		};
		F57338A2044DBB2401A800CD = {
			buildActionMask = 2147483647;
			files = (
			);
			generatedFileNames = (
			);
			isa = PBXShellScriptBuildPhase;
			neededFileNames = (
			);
			runOnlyForDeploymentPostprocessing = 0;
			shellPath = /bin/sh;
			shellScript = "# precompile header for speedier compiles\n#/usr/bin/gcc -precomp $BUILD_DIR/skstream.framework/Headers/skstream.h -o $BUILD_DIR/skstream.framework/Headers/skstream.p";
		};
	};
	rootObject = F5356C3E044D643301A800CD;
}
