// !$*UTF8*$!
{
	archiveVersion = 1;
	classes = {
	};
	objectVersion = 42;
	objects = {

/* Begin PBXBuildFile section */
		C4C568AE055AF1D600944C0F /* sasproto.h in Headers */ = {isa = PBXBuildFile; fileRef = C42E237A0465BE3400A800C4 /* sasproto.h */; settings = {ATTRIBUTES = (Private, ); }; };
		C4C568AF055AF1D600944C0F /* skpoll.h in Headers */ = {isa = PBXBuildFile; fileRef = C42E237C0465BE3400A800C4 /* skpoll.h */; settings = {ATTRIBUTES = (Public, ); }; };
		C4C568B0055AF1D600944C0F /* skserver.h in Headers */ = {isa = PBXBuildFile; fileRef = C42E237E0465BE3400A800C4 /* skserver.h */; settings = {ATTRIBUTES = (Public, ); }; };
		C4C568B1055AF1D600944C0F /* skstream_unix.h in Headers */ = {isa = PBXBuildFile; fileRef = C42E237F0465BE3400A800C4 /* skstream_unix.h */; settings = {ATTRIBUTES = (Public, ); }; };
		C4C568B2055AF1D600944C0F /* skstream.h in Headers */ = {isa = PBXBuildFile; fileRef = C42E23810465BE3400A800C4 /* skstream.h */; settings = {ATTRIBUTES = (Public, ); }; };
		C4C568B5055AF1D600944C0F /* skpoll.cpp in Sources */ = {isa = PBXBuildFile; fileRef = C42E237B0465BE3400A800C4 /* skpoll.cpp */; };
		C4C568B6055AF1D600944C0F /* skserver.cpp in Sources */ = {isa = PBXBuildFile; fileRef = C42E237D0465BE3400A800C4 /* skserver.cpp */; };
		C4C568B7055AF1D600944C0F /* skstream.cpp in Sources */ = {isa = PBXBuildFile; fileRef = C42E23800465BE3400A800C4 /* skstream.cpp */; };
		C4C568C1055AF1DB00944C0F /* ping.h in Headers */ = {isa = PBXBuildFile; fileRef = C42E239D0465C16F00A800C4 /* ping.h */; };
		C4C568C3055AF1DB00944C0F /* ping.cpp in Sources */ = {isa = PBXBuildFile; fileRef = C42E239C0465C16F00A800C4 /* ping.cpp */; };
		C4DE4D48055D16EE0091BF9A /* skserver_unix.h in Headers */ = {isa = PBXBuildFile; fileRef = C4DE4D46055D16ED0091BF9A /* skserver_unix.h */; settings = {ATTRIBUTES = (Public, ); }; };
		C4DE4D49055D16EE0091BF9A /* skstreamconfig.h in Headers */ = {isa = PBXBuildFile; fileRef = C4DE4D47055D16ED0091BF9A /* skstreamconfig.h */; settings = {ATTRIBUTES = (Private, ); }; };
		C4E44FE6085B17B200EC1CA4 /* skstream.framework in Frameworks */ = {isa = PBXBuildFile; fileRef = C4C568BC055AF1D600944C0F /* skstream.framework */; };
/* End PBXBuildFile section */

/* Begin PBXBuildStyle section */
		C42E23750465BD8400A800C4 /* Development */ = {
			isa = PBXBuildStyle;
			buildSettings = {
				COPY_PHASE_STRIP = NO;
				GCC_DYNAMIC_NO_PIC = NO;
				GCC_GENERATE_DEBUGGING_SYMBOLS = YES;
				GCC_OPTIMIZATION_LEVEL = 0;
			};
			name = Development;
		};
		C42E23760465BD8400A800C4 /* Deployment */ = {
			isa = PBXBuildStyle;
			buildSettings = {
				COPY_PHASE_STRIP = YES;
				GCC_ENABLE_FIX_AND_CONTINUE = NO;
				ZERO_LINK = NO;
			};
			name = Deployment;
		};
/* End PBXBuildStyle section */

/* Begin PBXFileReference section */
		C42E237A0465BE3400A800C4 /* sasproto.h */ = {isa = PBXFileReference; fileEncoding = 30; lastKnownFileType = sourcecode.c.h; path = sasproto.h; sourceTree = "<group>"; };
		C42E237B0465BE3400A800C4 /* skpoll.cpp */ = {isa = PBXFileReference; fileEncoding = 30; lastKnownFileType = sourcecode.cpp.cpp; path = skpoll.cpp; sourceTree = "<group>"; };
		C42E237C0465BE3400A800C4 /* skpoll.h */ = {isa = PBXFileReference; fileEncoding = 30; lastKnownFileType = sourcecode.c.h; path = skpoll.h; sourceTree = "<group>"; };
		C42E237D0465BE3400A800C4 /* skserver.cpp */ = {isa = PBXFileReference; fileEncoding = 30; lastKnownFileType = sourcecode.cpp.cpp; path = skserver.cpp; sourceTree = "<group>"; };
		C42E237E0465BE3400A800C4 /* skserver.h */ = {isa = PBXFileReference; fileEncoding = 30; lastKnownFileType = sourcecode.c.h; path = skserver.h; sourceTree = "<group>"; };
		C42E237F0465BE3400A800C4 /* skstream_unix.h */ = {isa = PBXFileReference; fileEncoding = 30; lastKnownFileType = sourcecode.c.h; path = skstream_unix.h; sourceTree = "<group>"; };
		C42E23800465BE3400A800C4 /* skstream.cpp */ = {isa = PBXFileReference; fileEncoding = 30; lastKnownFileType = sourcecode.cpp.cpp; path = skstream.cpp; sourceTree = "<group>"; };
		C42E23810465BE3400A800C4 /* skstream.h */ = {isa = PBXFileReference; fileEncoding = 30; lastKnownFileType = sourcecode.c.h; path = skstream.h; sourceTree = "<group>"; };
		C42E239C0465C16F00A800C4 /* ping.cpp */ = {isa = PBXFileReference; fileEncoding = 30; lastKnownFileType = sourcecode.cpp.cpp; path = ping.cpp; sourceTree = "<group>"; };
		C42E239D0465C16F00A800C4 /* ping.h */ = {isa = PBXFileReference; fileEncoding = 30; lastKnownFileType = sourcecode.c.h; path = ping.h; sourceTree = "<group>"; };
		C4C568BB055AF1D600944C0F /* Info-skstream__Upgraded_.plist */ = {isa = PBXFileReference; lastKnownFileType = text.plist; path = "Info-skstream__Upgraded_.plist"; sourceTree = "<group>"; };
		C4C568BC055AF1D600944C0F /* skstream.framework */ = {isa = PBXFileReference; explicitFileType = wrapper.framework; includeInIndex = 0; path = skstream.framework; sourceTree = BUILT_PRODUCTS_DIR; };
		C4C568C8055AF1DC00944C0F /* Ping */ = {isa = PBXFileReference; explicitFileType = "compiled.mach-o.executable"; includeInIndex = 0; path = Ping; sourceTree = BUILT_PRODUCTS_DIR; };
		C4DE4D46055D16ED0091BF9A /* skserver_unix.h */ = {isa = PBXFileReference; fileEncoding = 30; lastKnownFileType = sourcecode.c.h; path = skserver_unix.h; sourceTree = "<group>"; };
		C4DE4D47055D16ED0091BF9A /* skstreamconfig.h */ = {isa = PBXFileReference; fileEncoding = 30; lastKnownFileType = sourcecode.c.h; path = skstreamconfig.h; sourceTree = "<group>"; };
/* End PBXFileReference section */

/* Begin PBXFrameworksBuildPhase section */
		C4C568B8055AF1D600944C0F /* Frameworks */ = {
			isa = PBXFrameworksBuildPhase;
			buildActionMask = 2147483647;
			files = (
			);
			runOnlyForDeploymentPostprocessing = 0;
		};
		C4C568C4055AF1DB00944C0F /* Frameworks */ = {
			isa = PBXFrameworksBuildPhase;
			buildActionMask = 2147483647;
			files = (
				C4E44FE6085B17B200EC1CA4 /* skstream.framework in Frameworks */,
			);
			runOnlyForDeploymentPostprocessing = 0;
		};
/* End PBXFrameworksBuildPhase section */

/* Begin PBXGroup section */
		C42E23730465BD8400A800C4 = {
			isa = PBXGroup;
			children = (
				C42E239B0465C15200A800C4 /* ping */,
				C42E23780465BDA800A800C4 /* skstream */,
				C42E23890465BE5800A800C4 /* Products */,
				C4C568BB055AF1D600944C0F /* Info-skstream__Upgraded_.plist */,
			);
			sourceTree = "<group>";
		};
		C42E23780465BDA800A800C4 /* skstream */ = {
			isa = PBXGroup;
			children = (
				C42E237A0465BE3400A800C4 /* sasproto.h */,
				C42E237B0465BE3400A800C4 /* skpoll.cpp */,
				C42E237C0465BE3400A800C4 /* skpoll.h */,
				C42E237D0465BE3400A800C4 /* skserver.cpp */,
				C42E237E0465BE3400A800C4 /* skserver.h */,
				C42E237F0465BE3400A800C4 /* skstream_unix.h */,
				C42E23800465BE3400A800C4 /* skstream.cpp */,
				C42E23810465BE3400A800C4 /* skstream.h */,
				C4DE4D46055D16ED0091BF9A /* skserver_unix.h */,
				C4DE4D47055D16ED0091BF9A /* skstreamconfig.h */,
			);
			path = skstream;
			sourceTree = SOURCE_ROOT;
		};
		C42E23890465BE5800A800C4 /* Products */ = {
			isa = PBXGroup;
			children = (
				C4C568BC055AF1D600944C0F /* skstream.framework */,
				C4C568C8055AF1DC00944C0F /* Ping */,
			);
			name = Products;
			sourceTree = "<group>";
		};
		C42E239B0465C15200A800C4 /* ping */ = {
			isa = PBXGroup;
			children = (
				C42E239C0465C16F00A800C4 /* ping.cpp */,
				C42E239D0465C16F00A800C4 /* ping.h */,
			);
			path = ping;
			sourceTree = SOURCE_ROOT;
		};
/* End PBXGroup section */

/* Begin PBXHeadersBuildPhase section */
		C4C568AD055AF1D600944C0F /* Headers */ = {
			isa = PBXHeadersBuildPhase;
			buildActionMask = 2147483647;
			files = (
				C4C568AE055AF1D600944C0F /* sasproto.h in Headers */,
				C4C568AF055AF1D600944C0F /* skpoll.h in Headers */,
				C4C568B0055AF1D600944C0F /* skserver.h in Headers */,
				C4C568B1055AF1D600944C0F /* skstream_unix.h in Headers */,
				C4C568B2055AF1D600944C0F /* skstream.h in Headers */,
				C4DE4D48055D16EE0091BF9A /* skserver_unix.h in Headers */,
				C4DE4D49055D16EE0091BF9A /* skstreamconfig.h in Headers */,
			);
			runOnlyForDeploymentPostprocessing = 0;
		};
		C4C568C0055AF1DB00944C0F /* Headers */ = {
			isa = PBXHeadersBuildPhase;
			buildActionMask = 2147483647;
			files = (
				C4C568C1055AF1DB00944C0F /* ping.h in Headers */,
			);
			runOnlyForDeploymentPostprocessing = 0;
		};
/* End PBXHeadersBuildPhase section */

/* Begin PBXNativeTarget section */
		C4C568AC055AF1D600944C0F /* skstream */ = {
			isa = PBXNativeTarget;
			buildConfigurationList = C4E44FD1085B16FA00EC1CA4 /* Build configuration list for PBXNativeTarget "skstream" */;
			buildPhases = (
				C4C568AD055AF1D600944C0F /* Headers */,
				C4C568B4055AF1D600944C0F /* Sources */,
				C4C568B8055AF1D600944C0F /* Frameworks */,
			);
			buildRules = (
			);
			buildSettings = {
				DYLIB_COMPATIBILITY_VERSION = 1;
				DYLIB_CURRENT_VERSION = 1;
				FRAMEWORK_VERSION = A;
				GCC_PREPROCESSOR_DEFINITIONS = "SKSTREAM_UNIX_SOCKETS=1";
				GCC_WARN_FOUR_CHARACTER_CONSTANTS = NO;
				GCC_WARN_UNKNOWN_PRAGMAS = NO;
				INFOPLIST_FILE = "Info-skstream__Upgraded_.plist";
				INSTALL_PATH = "@executable_path/../Frameworks";
				OTHER_CFLAGS = "";
				OTHER_LDFLAGS = (
					"-seg1addr",
					0x23000000,
				);
				OTHER_LIBTOOL_FLAGS = "";
				OTHER_REZFLAGS = "";
				PRINCIPAL_CLASS = "";
				PRODUCT_NAME = skstream;
				SECTORDER_FLAGS = "";
				SKIP_INSTALL = YES;
				WARNING_CFLAGS = "-Wall";
				WRAPPER_EXTENSION = framework;
			};
			dependencies = (
			);
			name = skstream;
			productInstallPath = "$(LOCAL_LIBRARY_DIR)/Frameworks";
			productName = skstream;
			productReference = C4C568BC055AF1D600944C0F /* skstream.framework */;
			productType = "com.apple.product-type.framework";
		};
		C4C568BF055AF1DB00944C0F /* Ping */ = {
			isa = PBXNativeTarget;
			buildConfigurationList = C4E44FD5085B16FA00EC1CA4 /* Build configuration list for PBXNativeTarget "Ping" */;
			buildPhases = (
				C4C568C0055AF1DB00944C0F /* Headers */,
				C4C568C2055AF1DB00944C0F /* Sources */,
				C4C568C4055AF1DB00944C0F /* Frameworks */,
				C4C568C6055AF1DB00944C0F /* Rez */,
			);
			buildRules = (
			);
			buildSettings = {
				GCC_WARN_FOUR_CHARACTER_CONSTANTS = NO;
				GCC_WARN_UNKNOWN_PRAGMAS = NO;
				OTHER_CFLAGS = "";
				OTHER_LDFLAGS = "";
				OTHER_REZFLAGS = "";
				PRODUCT_NAME = Ping;
				REZ_EXECUTABLE = YES;
				SECTORDER_FLAGS = "";
				WARNING_CFLAGS = "-Wmost";
			};
			dependencies = (
			);
			name = Ping;
			productInstallPath = /usr/local/bin;
			productName = Ping;
			productReference = C4C568C8055AF1DC00944C0F /* Ping */;
			productType = "com.apple.product-type.tool";
		};
/* End PBXNativeTarget section */

/* Begin PBXProject section */
		C42E23770465BD8400A800C4 /* Project object */ = {
			isa = PBXProject;
			buildConfigurationList = C4E44FD9085B16FA00EC1CA4 /* Build configuration list for PBXProject "Skstream" */;
			buildSettings = {
			};
			buildStyles = (
				C42E23750465BD8400A800C4 /* Development */,
				C42E23760465BD8400A800C4 /* Deployment */,
			);
			hasScannedForEncodings = 1;
			mainGroup = C42E23730465BD8400A800C4;
			productRefGroup = C42E23890465BE5800A800C4 /* Products */;
			projectDirPath = "";
			targets = (
				C4C568AC055AF1D600944C0F /* skstream */,
				C4C568BF055AF1DB00944C0F /* Ping */,
			);
		};
/* End PBXProject section */

/* Begin PBXRezBuildPhase section */
		C4C568C6055AF1DB00944C0F /* Rez */ = {
			isa = PBXRezBuildPhase;
			buildActionMask = 2147483647;
			files = (
			);
			runOnlyForDeploymentPostprocessing = 0;
		};
/* End PBXRezBuildPhase section */

/* Begin PBXSourcesBuildPhase section */
		C4C568B4055AF1D600944C0F /* Sources */ = {
			isa = PBXSourcesBuildPhase;
			buildActionMask = 2147483647;
			files = (
				C4C568B5055AF1D600944C0F /* skpoll.cpp in Sources */,
				C4C568B6055AF1D600944C0F /* skserver.cpp in Sources */,
				C4C568B7055AF1D600944C0F /* skstream.cpp in Sources */,
			);
			runOnlyForDeploymentPostprocessing = 0;
		};
		C4C568C2055AF1DB00944C0F /* Sources */ = {
			isa = PBXSourcesBuildPhase;
			buildActionMask = 2147483647;
			files = (
				C4C568C3055AF1DB00944C0F /* ping.cpp in Sources */,
			);
			runOnlyForDeploymentPostprocessing = 0;
		};
/* End PBXSourcesBuildPhase section */

/* Begin XCBuildConfiguration section */
		C4E44FD2085B16FA00EC1CA4 /* Development */ = {
			isa = XCBuildConfiguration;
			buildSettings = {
				DYLIB_COMPATIBILITY_VERSION = 1;
				DYLIB_CURRENT_VERSION = 1;
				FRAMEWORK_VERSION = A;
				GCC_GENERATE_DEBUGGING_SYMBOLS = YES;
				GCC_PREPROCESSOR_DEFINITIONS = "SKSTREAM_UNIX_SOCKETS=1";
				OTHER_LDFLAGS = (
					"-seg1addr",
					0x23000000,
				);
				PRODUCT_NAME = skstream;
				WARNING_CFLAGS = "-Wall";
			};
			name = Development;
		};
		C4E44FD3085B16FA00EC1CA4 /* Deployment */ = {
			isa = XCBuildConfiguration;
			buildSettings = {
				COPY_PHASE_STRIP = YES;
				DYLIB_COMPATIBILITY_VERSION = 1;
				DYLIB_CURRENT_VERSION = 1;
				FRAMEWORK_VERSION = A;
				GCC_ENABLE_FIX_AND_CONTINUE = NO;
				GCC_PREPROCESSOR_DEFINITIONS = "SKSTREAM_UNIX_SOCKETS=1";
				GCC_WARN_FOUR_CHARACTER_CONSTANTS = NO;
				GCC_WARN_UNKNOWN_PRAGMAS = NO;
				INFOPLIST_FILE = "Info-skstream__Upgraded_.plist";
				INSTALL_PATH = "@executable_path/../Frameworks";
				OTHER_CFLAGS = "";
				OTHER_LDFLAGS = (
					"-seg1addr",
					0x23000000,
				);
				OTHER_LIBTOOL_FLAGS = "";
				OTHER_REZFLAGS = "";
				PRINCIPAL_CLASS = "";
				PRODUCT_NAME = skstream;
				SECTORDER_FLAGS = "";
				SKIP_INSTALL = YES;
				WARNING_CFLAGS = "-Wall";
				WRAPPER_EXTENSION = framework;
				ZERO_LINK = NO;
			};
			name = Deployment;
		};
		C4E44FD4085B16FA00EC1CA4 /* Default */ = {
			isa = XCBuildConfiguration;
			buildSettings = {
				DYLIB_COMPATIBILITY_VERSION = 1;
				DYLIB_CURRENT_VERSION = 1;
				FRAMEWORK_VERSION = A;
				GCC_PREPROCESSOR_DEFINITIONS = "SKSTREAM_UNIX_SOCKETS=1";
				GCC_WARN_FOUR_CHARACTER_CONSTANTS = NO;
				GCC_WARN_UNKNOWN_PRAGMAS = NO;
				INFOPLIST_FILE = "Info-skstream__Upgraded_.plist";
				INSTALL_PATH = "@executable_path/../Frameworks";
				OTHER_CFLAGS = "";
				OTHER_LDFLAGS = (
					"-seg1addr",
					0x23000000,
				);
				OTHER_LIBTOOL_FLAGS = "";
				OTHER_REZFLAGS = "";
				PRINCIPAL_CLASS = "";
				PRODUCT_NAME = skstream;
				SECTORDER_FLAGS = "";
				SKIP_INSTALL = YES;
				WARNING_CFLAGS = "-Wall";
				WRAPPER_EXTENSION = framework;
			};
			name = Default;
		};
		C4E44FD6085B16FA00EC1CA4 /* Development */ = {
			isa = XCBuildConfiguration;
			buildSettings = {
				GCC_GENERATE_DEBUGGING_SYMBOLS = YES;
				GCC_OPTIMIZATION_LEVEL = 0;
				PRODUCT_NAME = Ping;
			};
			name = Development;
		};
		C4E44FD7085B16FA00EC1CA4 /* Deployment */ = {
			isa = XCBuildConfiguration;
			buildSettings = {
				COPY_PHASE_STRIP = YES;
				GCC_ENABLE_FIX_AND_CONTINUE = NO;
				GCC_WARN_FOUR_CHARACTER_CONSTANTS = NO;
				GCC_WARN_UNKNOWN_PRAGMAS = NO;
				OTHER_CFLAGS = "";
				OTHER_LDFLAGS = "";
				OTHER_REZFLAGS = "";
				PRODUCT_NAME = Ping;
				REZ_EXECUTABLE = YES;
				SECTORDER_FLAGS = "";
				WARNING_CFLAGS = "-Wmost";
				ZERO_LINK = NO;
			};
			name = Deployment;
		};
		C4E44FD8085B16FA00EC1CA4 /* Default */ = {
			isa = XCBuildConfiguration;
			buildSettings = {
				GCC_WARN_FOUR_CHARACTER_CONSTANTS = NO;
				GCC_WARN_UNKNOWN_PRAGMAS = NO;
				OTHER_CFLAGS = "";
				OTHER_LDFLAGS = "";
				OTHER_REZFLAGS = "";
				PRODUCT_NAME = Ping;
				REZ_EXECUTABLE = YES;
				SECTORDER_FLAGS = "";
				WARNING_CFLAGS = "-Wmost";
			};
			name = Default;
		};
		C4E44FDA085B16FA00EC1CA4 /* Development */ = {
			isa = XCBuildConfiguration;
			buildSettings = {
			};
			name = Development;
		};
		C4E44FDB085B16FA00EC1CA4 /* Deployment */ = {
			isa = XCBuildConfiguration;
			buildSettings = {
			};
			name = Deployment;
		};
		C4E44FDC085B16FA00EC1CA4 /* Default */ = {
			isa = XCBuildConfiguration;
			buildSettings = {
			};
			name = Default;
		};
/* End XCBuildConfiguration section */

/* Begin XCConfigurationList section */
		C4E44FD1085B16FA00EC1CA4 /* Build configuration list for PBXNativeTarget "skstream" */ = {
			isa = XCConfigurationList;
			buildConfigurations = (
				C4E44FD2085B16FA00EC1CA4 /* Development */,
				C4E44FD3085B16FA00EC1CA4 /* Deployment */,
				C4E44FD4085B16FA00EC1CA4 /* Default */,
			);
			defaultConfigurationIsVisible = 0;
			defaultConfigurationName = Default;
		};
		C4E44FD5085B16FA00EC1CA4 /* Build configuration list for PBXNativeTarget "Ping" */ = {
			isa = XCConfigurationList;
			buildConfigurations = (
				C4E44FD6085B16FA00EC1CA4 /* Development */,
				C4E44FD7085B16FA00EC1CA4 /* Deployment */,
				C4E44FD8085B16FA00EC1CA4 /* Default */,
			);
			defaultConfigurationIsVisible = 0;
			defaultConfigurationName = Default;
		};
		C4E44FD9085B16FA00EC1CA4 /* Build configuration list for PBXProject "Skstream" */ = {
			isa = XCConfigurationList;
			buildConfigurations = (
				C4E44FDA085B16FA00EC1CA4 /* Development */,
				C4E44FDB085B16FA00EC1CA4 /* Deployment */,
				C4E44FDC085B16FA00EC1CA4 /* Default */,
			);
			defaultConfigurationIsVisible = 0;
			defaultConfigurationName = Default;
		};
/* End XCConfigurationList section */
	};
	rootObject = C42E23770465BD8400A800C4 /* Project object */;
}
